// !$*UTF8*$!
{
	archiveVersion = 1;
	classes = {
	};
	objectVersion = 45;
	objects = {

/* Begin PBXBuildFile section */
		1D3623260D0F684500981E51 /* PushMusicAppDelegate.m in Sources */ = {isa = PBXBuildFile; fileRef = 1D3623250D0F684500981E51 /* PushMusicAppDelegate.m */; };
		1D60589B0D05DD56006BFB54 /* main.m in Sources */ = {isa = PBXBuildFile; fileRef = 29B97316FDCFA39411CA2CEA /* main.m */; };
		1D60589F0D05DD5A006BFB54 /* Foundation.framework in Frameworks */ = {isa = PBXBuildFile; fileRef = 1D30AB110D05D00D00671497 /* Foundation.framework */; };
		1DF5F4E00D08C38300B7A737 /* UIKit.framework in Frameworks */ = {isa = PBXBuildFile; fileRef = 1DF5F4DF0D08C38300B7A737 /* UIKit.framework */; };
		288765FD0DF74451002DB57D /* CoreGraphics.framework in Frameworks */ = {isa = PBXBuildFile; fileRef = 288765FC0DF74451002DB57D /* CoreGraphics.framework */; };
		28AD733F0D9D9553002E5188 /* MainWindow.xib in Resources */ = {isa = PBXBuildFile; fileRef = 28AD733E0D9D9553002E5188 /* MainWindow.xib */; };
		90162F5712D96FC90034A5F1 /* Constants.m in Sources */ = {isa = PBXBuildFile; fileRef = 90162F5612D96FC90034A5F1 /* Constants.m */; };
		9049049912D9120200F233A5 /* Utilities.m in Sources */ = {isa = PBXBuildFile; fileRef = 9049049812D9120200F233A5 /* Utilities.m */; };
		90A4182112DA560600F0F7E8 /* NSObject+JSON.m in Sources */ = {isa = PBXBuildFile; fileRef = 90A4181012DA560600F0F7E8 /* NSObject+JSON.m */; };
		90A4182212DA560600F0F7E8 /* SBJsonParser.m in Sources */ = {isa = PBXBuildFile; fileRef = 90A4181212DA560600F0F7E8 /* SBJsonParser.m */; };
		90A4182312DA560600F0F7E8 /* SBJsonStreamParser.m in Sources */ = {isa = PBXBuildFile; fileRef = 90A4181412DA560600F0F7E8 /* SBJsonStreamParser.m */; };
		90A4182412DA560600F0F7E8 /* SBJsonStreamParserAdapter.m in Sources */ = {isa = PBXBuildFile; fileRef = 90A4181612DA560600F0F7E8 /* SBJsonStreamParserAdapter.m */; };
		90A4182512DA560600F0F7E8 /* SBJsonStreamParserState.m in Sources */ = {isa = PBXBuildFile; fileRef = 90A4181812DA560600F0F7E8 /* SBJsonStreamParserState.m */; };
		90A4182612DA560600F0F7E8 /* SBJsonStreamWriter.m in Sources */ = {isa = PBXBuildFile; fileRef = 90A4181A12DA560600F0F7E8 /* SBJsonStreamWriter.m */; };
		90A4182712DA560600F0F7E8 /* SBJsonStreamWriterState.m in Sources */ = {isa = PBXBuildFile; fileRef = 90A4181C12DA560600F0F7E8 /* SBJsonStreamWriterState.m */; };
		90A4182812DA560600F0F7E8 /* SBJsonTokeniser.m in Sources */ = {isa = PBXBuildFile; fileRef = 90A4181E12DA560600F0F7E8 /* SBJsonTokeniser.m */; };
		90A4182912DA560600F0F7E8 /* SBJsonWriter.m in Sources */ = {isa = PBXBuildFile; fileRef = 90A4182012DA560600F0F7E8 /* SBJsonWriter.m */; };
		90F2628D12CE6BBA007CD561 /* MediaPlayer.framework in Frameworks */ = {isa = PBXBuildFile; fileRef = 90F2628C12CE6BBA007CD561 /* MediaPlayer.framework */; };
		90F262C212CE6E78007CD561 /* PushMusic.m in Sources */ = {isa = PBXBuildFile; fileRef = 90F262C112CE6E78007CD561 /* PushMusic.m */; };
		90F2647412CE8F7D007CD561 /* PushMusicPlayer.m in Sources */ = {isa = PBXBuildFile; fileRef = 90F2647312CE8F7D007CD561 /* PushMusicPlayer.m */; };
		90F2659512D044F2007CD561 /* Settings.bundle in Resources */ = {isa = PBXBuildFile; fileRef = 90F2659412D044F2007CD561 /* Settings.bundle */; };
		90F2684A12D3D16F007CD561 /* PushMusicViewController.m in Sources */ = {isa = PBXBuildFile; fileRef = 90F2684812D3D16F007CD561 /* PushMusicViewController.m */; };
		90F2684B12D3D16F007CD561 /* PushMusicViewController.xib in Resources */ = {isa = PBXBuildFile; fileRef = 90F2684912D3D16F007CD561 /* PushMusicViewController.xib */; };
/* End PBXBuildFile section */

/* Begin PBXFileReference section */
		1D30AB110D05D00D00671497 /* Foundation.framework */ = {isa = PBXFileReference; lastKnownFileType = wrapper.framework; name = Foundation.framework; path = System/Library/Frameworks/Foundation.framework; sourceTree = SDKROOT; };
		1D3623240D0F684500981E51 /* PushMusicAppDelegate.h */ = {isa = PBXFileReference; fileEncoding = 4; lastKnownFileType = sourcecode.c.h; path = PushMusicAppDelegate.h; sourceTree = "<group>"; };
		1D3623250D0F684500981E51 /* PushMusicAppDelegate.m */ = {isa = PBXFileReference; fileEncoding = 4; lastKnownFileType = sourcecode.c.objc; path = PushMusicAppDelegate.m; sourceTree = "<group>"; };
		1D6058910D05DD3D006BFB54 /* PushMusic.app */ = {isa = PBXFileReference; explicitFileType = wrapper.application; includeInIndex = 0; path = PushMusic.app; sourceTree = BUILT_PRODUCTS_DIR; };
		1DF5F4DF0D08C38300B7A737 /* UIKit.framework */ = {isa = PBXFileReference; lastKnownFileType = wrapper.framework; name = UIKit.framework; path = System/Library/Frameworks/UIKit.framework; sourceTree = SDKROOT; };
		288765FC0DF74451002DB57D /* CoreGraphics.framework */ = {isa = PBXFileReference; lastKnownFileType = wrapper.framework; name = CoreGraphics.framework; path = System/Library/Frameworks/CoreGraphics.framework; sourceTree = SDKROOT; };
		28AD733E0D9D9553002E5188 /* MainWindow.xib */ = {isa = PBXFileReference; lastKnownFileType = file.xib; path = MainWindow.xib; sourceTree = "<group>"; };
		29B97316FDCFA39411CA2CEA /* main.m */ = {isa = PBXFileReference; fileEncoding = 4; lastKnownFileType = sourcecode.c.objc; path = main.m; sourceTree = "<group>"; };
		32CA4F630368D1EE00C91783 /* PushMusic_Prefix.pch */ = {isa = PBXFileReference; fileEncoding = 4; lastKnownFileType = sourcecode.c.h; path = PushMusic_Prefix.pch; sourceTree = "<group>"; };
		8D1107310486CEB800E47090 /* PushMusic-Info.plist */ = {isa = PBXFileReference; fileEncoding = 4; lastKnownFileType = text.plist.xml; path = "PushMusic-Info.plist"; plistStructureDefinitionIdentifier = "com.apple.xcode.plist.structure-definition.iphone.info-plist"; sourceTree = "<group>"; };
		90162F5512D96FC90034A5F1 /* Constants.h */ = {isa = PBXFileReference; fileEncoding = 4; lastKnownFileType = sourcecode.c.h; path = Constants.h; sourceTree = "<group>"; };
		90162F5612D96FC90034A5F1 /* Constants.m */ = {isa = PBXFileReference; fileEncoding = 4; lastKnownFileType = sourcecode.c.objc; path = Constants.m; sourceTree = "<group>"; };
		9049049712D9120200F233A5 /* Utilities.h */ = {isa = PBXFileReference; fileEncoding = 4; lastKnownFileType = sourcecode.c.h; path = Utilities.h; sourceTree = "<group>"; };
		9049049812D9120200F233A5 /* Utilities.m */ = {isa = PBXFileReference; fileEncoding = 4; lastKnownFileType = sourcecode.c.objc; path = Utilities.m; sourceTree = "<group>"; };
		90A4180E12DA560600F0F7E8 /* JSON.h */ = {isa = PBXFileReference; fileEncoding = 4; lastKnownFileType = sourcecode.c.h; name = JSON.h; path = "dependencies/json-framework/Classes/JSON.h"; sourceTree = "<group>"; };
		90A4180F12DA560600F0F7E8 /* NSObject+JSON.h */ = {isa = PBXFileReference; fileEncoding = 4; lastKnownFileType = sourcecode.c.h; name = "NSObject+JSON.h"; path = "dependencies/json-framework/Classes/NSObject+JSON.h"; sourceTree = "<group>"; };
		90A4181012DA560600F0F7E8 /* NSObject+JSON.m */ = {isa = PBXFileReference; fileEncoding = 4; lastKnownFileType = sourcecode.c.objc; name = "NSObject+JSON.m"; path = "dependencies/json-framework/Classes/NSObject+JSON.m"; sourceTree = "<group>"; };
		90A4181112DA560600F0F7E8 /* SBJsonParser.h */ = {isa = PBXFileReference; fileEncoding = 4; lastKnownFileType = sourcecode.c.h; name = SBJsonParser.h; path = "dependencies/json-framework/Classes/SBJsonParser.h"; sourceTree = "<group>"; };
		90A4181212DA560600F0F7E8 /* SBJsonParser.m */ = {isa = PBXFileReference; fileEncoding = 4; lastKnownFileType = sourcecode.c.objc; name = SBJsonParser.m; path = "dependencies/json-framework/Classes/SBJsonParser.m"; sourceTree = "<group>"; };
		90A4181312DA560600F0F7E8 /* SBJsonStreamParser.h */ = {isa = PBXFileReference; fileEncoding = 4; lastKnownFileType = sourcecode.c.h; name = SBJsonStreamParser.h; path = "dependencies/json-framework/Classes/SBJsonStreamParser.h"; sourceTree = "<group>"; };
		90A4181412DA560600F0F7E8 /* SBJsonStreamParser.m */ = {isa = PBXFileReference; fileEncoding = 4; lastKnownFileType = sourcecode.c.objc; name = SBJsonStreamParser.m; path = "dependencies/json-framework/Classes/SBJsonStreamParser.m"; sourceTree = "<group>"; };
		90A4181512DA560600F0F7E8 /* SBJsonStreamParserAdapter.h */ = {isa = PBXFileReference; fileEncoding = 4; lastKnownFileType = sourcecode.c.h; name = SBJsonStreamParserAdapter.h; path = "dependencies/json-framework/Classes/SBJsonStreamParserAdapter.h"; sourceTree = "<group>"; };
		90A4181612DA560600F0F7E8 /* SBJsonStreamParserAdapter.m */ = {isa = PBXFileReference; fileEncoding = 4; lastKnownFileType = sourcecode.c.objc; name = SBJsonStreamParserAdapter.m; path = "dependencies/json-framework/Classes/SBJsonStreamParserAdapter.m"; sourceTree = "<group>"; };
		90A4181712DA560600F0F7E8 /* SBJsonStreamParserState.h */ = {isa = PBXFileReference; fileEncoding = 4; lastKnownFileType = sourcecode.c.h; name = SBJsonStreamParserState.h; path = "dependencies/json-framework/Classes/SBJsonStreamParserState.h"; sourceTree = "<group>"; };
		90A4181812DA560600F0F7E8 /* SBJsonStreamParserState.m */ = {isa = PBXFileReference; fileEncoding = 4; lastKnownFileType = sourcecode.c.objc; name = SBJsonStreamParserState.m; path = "dependencies/json-framework/Classes/SBJsonStreamParserState.m"; sourceTree = "<group>"; };
		90A4181912DA560600F0F7E8 /* SBJsonStreamWriter.h */ = {isa = PBXFileReference; fileEncoding = 4; lastKnownFileType = sourcecode.c.h; name = SBJsonStreamWriter.h; path = "dependencies/json-framework/Classes/SBJsonStreamWriter.h"; sourceTree = "<group>"; };
		90A4181A12DA560600F0F7E8 /* SBJsonStreamWriter.m */ = {isa = PBXFileReference; fileEncoding = 4; lastKnownFileType = sourcecode.c.objc; name = SBJsonStreamWriter.m; path = "dependencies/json-framework/Classes/SBJsonStreamWriter.m"; sourceTree = "<group>"; };
		90A4181B12DA560600F0F7E8 /* SBJsonStreamWriterState.h */ = {isa = PBXFileReference; fileEncoding = 4; lastKnownFileType = sourcecode.c.h; name = SBJsonStreamWriterState.h; path = "dependencies/json-framework/Classes/SBJsonStreamWriterState.h"; sourceTree = "<group>"; };
		90A4181C12DA560600F0F7E8 /* SBJsonStreamWriterState.m */ = {isa = PBXFileReference; fileEncoding = 4; lastKnownFileType = sourcecode.c.objc; name = SBJsonStreamWriterState.m; path = "dependencies/json-framework/Classes/SBJsonStreamWriterState.m"; sourceTree = "<group>"; };
		90A4181D12DA560600F0F7E8 /* SBJsonTokeniser.h */ = {isa = PBXFileReference; fileEncoding = 4; lastKnownFileType = sourcecode.c.h; name = SBJsonTokeniser.h; path = "dependencies/json-framework/Classes/SBJsonTokeniser.h"; sourceTree = "<group>"; };
		90A4181E12DA560600F0F7E8 /* SBJsonTokeniser.m */ = {isa = PBXFileReference; fileEncoding = 4; lastKnownFileType = sourcecode.c.objc; name = SBJsonTokeniser.m; path = "dependencies/json-framework/Classes/SBJsonTokeniser.m"; sourceTree = "<group>"; };
		90A4181F12DA560600F0F7E8 /* SBJsonWriter.h */ = {isa = PBXFileReference; fileEncoding = 4; lastKnownFileType = sourcecode.c.h; name = SBJsonWriter.h; path = "dependencies/json-framework/Classes/SBJsonWriter.h"; sourceTree = "<group>"; };
		90A4182012DA560600F0F7E8 /* SBJsonWriter.m */ = {isa = PBXFileReference; fileEncoding = 4; lastKnownFileType = sourcecode.c.objc; name = SBJsonWriter.m; path = "dependencies/json-framework/Classes/SBJsonWriter.m"; sourceTree = "<group>"; };
		90F2628C12CE6BBA007CD561 /* MediaPlayer.framework */ = {isa = PBXFileReference; lastKnownFileType = wrapper.framework; name = MediaPlayer.framework; path = System/Library/Frameworks/MediaPlayer.framework; sourceTree = SDKROOT; };
		90F262C012CE6E78007CD561 /* PushMusic.h */ = {isa = PBXFileReference; fileEncoding = 4; lastKnownFileType = sourcecode.c.h; path = PushMusic.h; sourceTree = "<group>"; };
		90F262C112CE6E78007CD561 /* PushMusic.m */ = {isa = PBXFileReference; fileEncoding = 4; lastKnownFileType = sourcecode.c.objc; path = PushMusic.m; sourceTree = "<group>"; };
		90F2647212CE8F7D007CD561 /* PushMusicPlayer.h */ = {isa = PBXFileReference; fileEncoding = 4; lastKnownFileType = sourcecode.c.h; path = PushMusicPlayer.h; sourceTree = "<group>"; };
		90F2647312CE8F7D007CD561 /* PushMusicPlayer.m */ = {isa = PBXFileReference; fileEncoding = 4; lastKnownFileType = sourcecode.c.objc; path = PushMusicPlayer.m; sourceTree = "<group>"; };
		90F2659412D044F2007CD561 /* Settings.bundle */ = {isa = PBXFileReference; lastKnownFileType = "wrapper.plug-in"; path = Settings.bundle; sourceTree = "<group>"; };
		90F2684712D3D16F007CD561 /* PushMusicViewController.h */ = {isa = PBXFileReference; fileEncoding = 4; lastKnownFileType = sourcecode.c.h; path = PushMusicViewController.h; sourceTree = "<group>"; };
		90F2684812D3D16F007CD561 /* PushMusicViewController.m */ = {isa = PBXFileReference; fileEncoding = 4; lastKnownFileType = sourcecode.c.objc; path = PushMusicViewController.m; sourceTree = "<group>"; };
		90F2684912D3D16F007CD561 /* PushMusicViewController.xib */ = {isa = PBXFileReference; lastKnownFileType = file.xib; name = PushMusicViewController.xib; path = Classes/PushMusicViewController.xib; sourceTree = "<group>"; };
/* End PBXFileReference section */

/* Begin PBXFrameworksBuildPhase section */
		1D60588F0D05DD3D006BFB54 /* Frameworks */ = {
			isa = PBXFrameworksBuildPhase;
			buildActionMask = 2147483647;
			files = (
				1D60589F0D05DD5A006BFB54 /* Foundation.framework in Frameworks */,
				1DF5F4E00D08C38300B7A737 /* UIKit.framework in Frameworks */,
				288765FD0DF74451002DB57D /* CoreGraphics.framework in Frameworks */,
				90F2628D12CE6BBA007CD561 /* MediaPlayer.framework in Frameworks */,
			);
			runOnlyForDeploymentPostprocessing = 0;
		};
/* End PBXFrameworksBuildPhase section */

/* Begin PBXGroup section */
		080E96DDFE201D6D7F000001 /* Classes */ = {
			isa = PBXGroup;
			children = (
				1D3623240D0F684500981E51 /* PushMusicAppDelegate.h */,
				1D3623250D0F684500981E51 /* PushMusicAppDelegate.m */,
				90F262C012CE6E78007CD561 /* PushMusic.h */,
				90F262C112CE6E78007CD561 /* PushMusic.m */,
				90F2647212CE8F7D007CD561 /* PushMusicPlayer.h */,
				90F2647312CE8F7D007CD561 /* PushMusicPlayer.m */,
				90F2684712D3D16F007CD561 /* PushMusicViewController.h */,
				90F2684812D3D16F007CD561 /* PushMusicViewController.m */,
				9049049712D9120200F233A5 /* Utilities.h */,
				9049049812D9120200F233A5 /* Utilities.m */,
				90162F5512D96FC90034A5F1 /* Constants.h */,
				90162F5612D96FC90034A5F1 /* Constants.m */,
			);
			path = Classes;
			sourceTree = "<group>";
		};
		19C28FACFE9D520D11CA2CBB /* Products */ = {
			isa = PBXGroup;
			children = (
				1D6058910D05DD3D006BFB54 /* PushMusic.app */,
			);
			name = Products;
			sourceTree = "<group>";
		};
		29B97314FDCFA39411CA2CEA /* CustomTemplate */ = {
			isa = PBXGroup;
			children = (
				080E96DDFE201D6D7F000001 /* Classes */,
				29B97315FDCFA39411CA2CEA /* Other Sources */,
				29B97317FDCFA39411CA2CEA /* Resources */,
				29B97323FDCFA39411CA2CEA /* Frameworks */,
				19C28FACFE9D520D11CA2CBB /* Products */,
			);
			name = CustomTemplate;
			sourceTree = "<group>";
		};
		29B97315FDCFA39411CA2CEA /* Other Sources */ = {
			isa = PBXGroup;
			children = (
				90A4180C12DA55EB00F0F7E8 /* JSON */,
				32CA4F630368D1EE00C91783 /* PushMusic_Prefix.pch */,
				29B97316FDCFA39411CA2CEA /* main.m */,
			);
			name = "Other Sources";
			sourceTree = "<group>";
		};
		29B97317FDCFA39411CA2CEA /* Resources */ = {
			isa = PBXGroup;
			children = (
				90F2684912D3D16F007CD561 /* PushMusicViewController.xib */,
				28AD733E0D9D9553002E5188 /* MainWindow.xib */,
				8D1107310486CEB800E47090 /* PushMusic-Info.plist */,
				90F2659412D044F2007CD561 /* Settings.bundle */,
			);
			name = Resources;
			sourceTree = "<group>";
		};
		29B97323FDCFA39411CA2CEA /* Frameworks */ = {
			isa = PBXGroup;
			children = (
				1DF5F4DF0D08C38300B7A737 /* UIKit.framework */,
				1D30AB110D05D00D00671497 /* Foundation.framework */,
				288765FC0DF74451002DB57D /* CoreGraphics.framework */,
				90F2628C12CE6BBA007CD561 /* MediaPlayer.framework */,
			);
			name = Frameworks;
			sourceTree = "<group>";
		};
		90A4180C12DA55EB00F0F7E8 /* JSON */ = {
			isa = PBXGroup;
			children = (
				90A4180E12DA560600F0F7E8 /* JSON.h */,
				90A4180F12DA560600F0F7E8 /* NSObject+JSON.h */,
				90A4181012DA560600F0F7E8 /* NSObject+JSON.m */,
				90A4181112DA560600F0F7E8 /* SBJsonParser.h */,
				90A4181212DA560600F0F7E8 /* SBJsonParser.m */,
				90A4181312DA560600F0F7E8 /* SBJsonStreamParser.h */,
				90A4181412DA560600F0F7E8 /* SBJsonStreamParser.m */,
				90A4181512DA560600F0F7E8 /* SBJsonStreamParserAdapter.h */,
				90A4181612DA560600F0F7E8 /* SBJsonStreamParserAdapter.m */,
				90A4181712DA560600F0F7E8 /* SBJsonStreamParserState.h */,
				90A4181812DA560600F0F7E8 /* SBJsonStreamParserState.m */,
				90A4181912DA560600F0F7E8 /* SBJsonStreamWriter.h */,
				90A4181A12DA560600F0F7E8 /* SBJsonStreamWriter.m */,
				90A4181B12DA560600F0F7E8 /* SBJsonStreamWriterState.h */,
				90A4181C12DA560600F0F7E8 /* SBJsonStreamWriterState.m */,
				90A4181D12DA560600F0F7E8 /* SBJsonTokeniser.h */,
				90A4181E12DA560600F0F7E8 /* SBJsonTokeniser.m */,
				90A4181F12DA560600F0F7E8 /* SBJsonWriter.h */,
				90A4182012DA560600F0F7E8 /* SBJsonWriter.m */,
			);
			name = JSON;
			sourceTree = "<group>";
		};
/* End PBXGroup section */

/* Begin PBXNativeTarget section */
		1D6058900D05DD3D006BFB54 /* PushMusic */ = {
			isa = PBXNativeTarget;
			buildConfigurationList = 1D6058960D05DD3E006BFB54 /* Build configuration list for PBXNativeTarget "PushMusic" */;
			buildPhases = (
				1D60588D0D05DD3D006BFB54 /* Resources */,
				1D60588E0D05DD3D006BFB54 /* Sources */,
				1D60588F0D05DD3D006BFB54 /* Frameworks */,
			);
			buildRules = (
			);
			dependencies = (
			);
			name = PushMusic;
			productName = PushMusic;
			productReference = 1D6058910D05DD3D006BFB54 /* PushMusic.app */;
			productType = "com.apple.product-type.application";
		};
/* End PBXNativeTarget section */

/* Begin PBXProject section */
		29B97313FDCFA39411CA2CEA /* Project object */ = {
			isa = PBXProject;
			buildConfigurationList = C01FCF4E08A954540054247B /* Build configuration list for PBXProject "PushMusic" */;
			compatibilityVersion = "Xcode 3.1";
			developmentRegion = English;
			hasScannedForEncodings = 1;
			knownRegions = (
				English,
				Japanese,
				French,
				German,
			);
			mainGroup = 29B97314FDCFA39411CA2CEA /* CustomTemplate */;
			projectDirPath = "";
			projectRoot = "";
			targets = (
				1D6058900D05DD3D006BFB54 /* PushMusic */,
			);
		};
/* End PBXProject section */

/* Begin PBXResourcesBuildPhase section */
		1D60588D0D05DD3D006BFB54 /* Resources */ = {
			isa = PBXResourcesBuildPhase;
			buildActionMask = 2147483647;
			files = (
				28AD733F0D9D9553002E5188 /* MainWindow.xib in Resources */,
				90F2659512D044F2007CD561 /* Settings.bundle in Resources */,
				90F2684B12D3D16F007CD561 /* PushMusicViewController.xib in Resources */,
			);
			runOnlyForDeploymentPostprocessing = 0;
		};
/* End PBXResourcesBuildPhase section */

/* Begin PBXSourcesBuildPhase section */
		1D60588E0D05DD3D006BFB54 /* Sources */ = {
			isa = PBXSourcesBuildPhase;
			buildActionMask = 2147483647;
			files = (
				1D60589B0D05DD56006BFB54 /* main.m in Sources */,
				1D3623260D0F684500981E51 /* PushMusicAppDelegate.m in Sources */,
				90F262C212CE6E78007CD561 /* PushMusic.m in Sources */,
				90F2647412CE8F7D007CD561 /* PushMusicPlayer.m in Sources */,
				90F2684A12D3D16F007CD561 /* PushMusicViewController.m in Sources */,
				9049049912D9120200F233A5 /* Utilities.m in Sources */,
				90162F5712D96FC90034A5F1 /* Constants.m in Sources */,
				90A4182112DA560600F0F7E8 /* NSObject+JSON.m in Sources */,
				90A4182212DA560600F0F7E8 /* SBJsonParser.m in Sources */,
				90A4182312DA560600F0F7E8 /* SBJsonStreamParser.m in Sources */,
				90A4182412DA560600F0F7E8 /* SBJsonStreamParserAdapter.m in Sources */,
				90A4182512DA560600F0F7E8 /* SBJsonStreamParserState.m in Sources */,
				90A4182612DA560600F0F7E8 /* SBJsonStreamWriter.m in Sources */,
				90A4182712DA560600F0F7E8 /* SBJsonStreamWriterState.m in Sources */,
				90A4182812DA560600F0F7E8 /* SBJsonTokeniser.m in Sources */,
				90A4182912DA560600F0F7E8 /* SBJsonWriter.m in Sources */,
			);
			runOnlyForDeploymentPostprocessing = 0;
		};
/* End PBXSourcesBuildPhase section */

/* Begin XCBuildConfiguration section */
		1D6058940D05DD3E006BFB54 /* Debug */ = {
			isa = XCBuildConfiguration;
			buildSettings = {
				ALWAYS_SEARCH_USER_PATHS = NO;
				COPY_PHASE_STRIP = NO;
				FRAMEWORK_SEARCH_PATHS = (
					"$(inherited)",
					"\"$(SRCROOT)/../json-framework/build/Release\"",
				);
				GCC_DYNAMIC_NO_PIC = NO;
				GCC_OPTIMIZATION_LEVEL = 0;
				GCC_PRECOMPILE_PREFIX_HEADER = YES;
				GCC_PREFIX_HEADER = PushMusic_Prefix.pch;
				GCC_PREPROCESSOR_DEFINITIONS = PUSHMUSIC_DEBUG;
				INFOPLIST_FILE = "PushMusic-Info.plist";
				IPHONEOS_DEPLOYMENT_TARGET = 4.0;
				LIBRARY_SEARCH_PATHS = (
					"$(inherited)",
					"\"$(SRCROOT)/../json-framework/build/Release\"",
				);
				PRODUCT_NAME = PushMusic;
			};
			name = Debug;
		};
		1D6058950D05DD3E006BFB54 /* Release */ = {
			isa = XCBuildConfiguration;
			buildSettings = {
				ALWAYS_SEARCH_USER_PATHS = NO;
				COPY_PHASE_STRIP = YES;
				FRAMEWORK_SEARCH_PATHS = (
					"$(inherited)",
					"\"$(SRCROOT)/../json-framework/build/Release\"",
				);
				GCC_PRECOMPILE_PREFIX_HEADER = YES;
				GCC_PREFIX_HEADER = PushMusic_Prefix.pch;
				INFOPLIST_FILE = "PushMusic-Info.plist";
				IPHONEOS_DEPLOYMENT_TARGET = 4.0;
				LIBRARY_SEARCH_PATHS = (
					"$(inherited)",
					"\"$(SRCROOT)/../json-framework/build/Release\"",
				);
				PRODUCT_NAME = PushMusic;
				VALIDATE_PRODUCT = YES;
			};
			name = Release;
		};
		90F266CE12D065B6007CD561 /* Debug Dummy */ = {
			isa = XCBuildConfiguration;
			buildSettings = {
				ARCHS = "$(ARCHS_STANDARD_32_BIT)";
				"CODE_SIGN_IDENTITY[sdk=iphoneos*]" = "iPhone Developer";
				GCC_C_LANGUAGE_STANDARD = c99;
				GCC_WARN_ABOUT_RETURN_TYPE = YES;
				GCC_WARN_UNUSED_VARIABLE = YES;
				PREBINDING = NO;
				SDKROOT = iphoneos;
			};
			name = "Debug Dummy";
		};
		90F266CF12D065B6007CD561 /* Debug Dummy */ = {
			isa = XCBuildConfiguration;
			buildSettings = {
				ALWAYS_SEARCH_USER_PATHS = NO;
				COPY_PHASE_STRIP = NO;
				FRAMEWORK_SEARCH_PATHS = (
					"$(inherited)",
					"\"$(SRCROOT)/../json-framework/build/Release\"",
				);
				GCC_DYNAMIC_NO_PIC = NO;
				GCC_OPTIMIZATION_LEVEL = 0;
				GCC_PRECOMPILE_PREFIX_HEADER = YES;
				GCC_PREFIX_HEADER = PushMusic_Prefix.pch;
				GCC_PREPROCESSOR_DEFINITIONS = (
					PUSHMUSIC_DUMMY_SERVER,
					PUSHMUSIC_DEBUG,
				);
				INFOPLIST_FILE = "PushMusic-Info.plist";
				IPHONEOS_DEPLOYMENT_TARGET = 4.0;
				LIBRARY_SEARCH_PATHS = (
					"$(inherited)",
					"\"$(SRCROOT)/../json-framework/build/Release\"",
				);
				PRODUCT_NAME = PushMusic;
			};
			name = "Debug Dummy";
		};
		90F266FD12D1B0C1007CD561 /* Debug Canned */ = {
			isa = XCBuildConfiguration;
			buildSettings = {
				ARCHS = "$(ARCHS_STANDARD_32_BIT)";
				"CODE_SIGN_IDENTITY[sdk=iphoneos*]" = "iPhone Developer";
				GCC_C_LANGUAGE_STANDARD = c99;
				GCC_WARN_ABOUT_RETURN_TYPE = YES;
				GCC_WARN_UNUSED_VARIABLE = YES;
				PREBINDING = NO;
				SDKROOT = iphoneos;
			};
			name = "Debug Canned";
		};
		90F266FE12D1B0C1007CD561 /* Debug Canned */ = {
			isa = XCBuildConfiguration;
			buildSettings = {
				ALWAYS_SEARCH_USER_PATHS = NO;
				COPY_PHASE_STRIP = NO;
				FRAMEWORK_SEARCH_PATHS = (
					"$(inherited)",
					"\"$(SRCROOT)/../json-framework/build/Release\"",
				);
				GCC_DYNAMIC_NO_PIC = NO;
				GCC_OPTIMIZATION_LEVEL = 0;
				GCC_PRECOMPILE_PREFIX_HEADER = YES;
				GCC_PREFIX_HEADER = PushMusic_Prefix.pch;
				GCC_PREPROCESSOR_DEFINITIONS = (
					PUSHMUSIC_CANNED_DATA,
					PUSHMUSIC_DEBUG,
				);
				INFOPLIST_FILE = "PushMusic-Info.plist";
				IPHONEOS_DEPLOYMENT_TARGET = 4.0;
				LIBRARY_SEARCH_PATHS = (
					"$(inherited)",
					"\"$(SRCROOT)/../json-framework/build/Release\"",
				);
				PRODUCT_NAME = PushMusic;
			};
			name = "Debug Canned";
		};
		C01FCF4F08A954540054247B /* Debug */ = {
			isa = XCBuildConfiguration;
			buildSettings = {
				ARCHS = "$(ARCHS_STANDARD_32_BIT)";
				"CODE_SIGN_IDENTITY[sdk=iphoneos*]" = "iPhone Developer";
				GCC_C_LANGUAGE_STANDARD = c99;
				GCC_WARN_ABOUT_RETURN_TYPE = YES;
				GCC_WARN_UNUSED_VARIABLE = YES;
				PREBINDING = NO;
				SDKROOT = iphoneos;
			};
			name = Debug;
		};
		C01FCF5008A954540054247B /* Release */ = {
			isa = XCBuildConfiguration;
			buildSettings = {
				ARCHS = "$(ARCHS_STANDARD_32_BIT)";
				"CODE_SIGN_IDENTITY[sdk=iphoneos*]" = "iPhone Developer";
				GCC_C_LANGUAGE_STANDARD = c99;
				GCC_WARN_ABOUT_RETURN_TYPE = YES;
				GCC_WARN_UNUSED_VARIABLE = YES;
				OTHER_CFLAGS = "-DNS_BLOCK_ASSERTIONS=1";
				PREBINDING = NO;
				SDKROOT = iphoneos;
			};
			name = Release;
		};
/* End XCBuildConfiguration section */

/* Begin XCConfigurationList section */
		1D6058960D05DD3E006BFB54 /* Build configuration list for PBXNativeTarget "PushMusic" */ = {
			isa = XCConfigurationList;
			buildConfigurations = (
				1D6058940D05DD3E006BFB54 /* Debug */,
				90F266FE12D1B0C1007CD561 /* Debug Canned */,
				90F266CF12D065B6007CD561 /* Debug Dummy */,
				1D6058950D05DD3E006BFB54 /* Release */,
			);
			defaultConfigurationIsVisible = 0;
			defaultConfigurationName = Release;
		};
		C01FCF4E08A954540054247B /* Build configuration list for PBXProject "PushMusic" */ = {
			isa = XCConfigurationList;
			buildConfigurations = (
				C01FCF4F08A954540054247B /* Debug */,
				90F266FD12D1B0C1007CD561 /* Debug Canned */,
				90F266CE12D065B6007CD561 /* Debug Dummy */,
				C01FCF5008A954540054247B /* Release */,
			);
			defaultConfigurationIsVisible = 0;
			defaultConfigurationName = Release;
		};
/* End XCConfigurationList section */
	};
	rootObject = 29B97313FDCFA39411CA2CEA /* Project object */;
}
